
Microsoft Visual Studio Solution File, Format Version 12.00
# Visual Studio Version 17
VisualStudioVersion = 17.3.32819.101
MinimumVisualStudioVersion = 10.0.40219.1
Project("{2150E333-8FDC-42A3-9474-1A3956D46DE8}") = "src", "src", "{67997F27-DDC8-4A33-BE9F-0DBBF276AE25}"
EndProject
Project("{2150E333-8FDC-42A3-9474-1A3956D46DE8}") = "tests", "tests", "{D12491A8-C367-4188-BF91-D65C1519729E}"
EndProject
Project("{9A19103F-16F7-4668-BE54-9A1E7A4F7556}") = "JenkinsBuildStats.Domain", "src\JenkinsBuildStats.Domain\JenkinsBuildStats.Domain.csproj", "{A962A555-680F-45D1-82C5-454E60719582}"
EndProject
Project("{9A19103F-16F7-4668-BE54-9A1E7A4F7556}") = "JenkinsBuildStats.Infrastructure", "src\JenkinsBuildStats.Infrastructure\JenkinsBuildStats.Infrastructure.csproj", "{57CABAAA-6EE2-4DDB-ADC8-DFEF8AFEB9BB}"
EndProject
Project("{9A19103F-16F7-4668-BE54-9A1E7A4F7556}") = "JenkinsBuildStats.API", "src\JenkinsBuildStats.API\JenkinsBuildStats.API.csproj", "{3B9332D8-5BA1-462C-83A2-372D3BB150ED}"
EndProject
Project("{9A19103F-16F7-4668-BE54-9A1E7A4F7556}") = "JenkinsBuildStats.API.DTO", "src\JenkinsBuildStats.API.DTO\JenkinsBuildStats.API.DTO.csproj", "{705974EA-0C7D-4D88-B964-35523EFACE81}"
EndProject
Project("{9A19103F-16F7-4668-BE54-9A1E7A4F7556}") = "JenkinsBuildStats.WebUI", "src\JenkinsBuildStats.WebUI\JenkinsBuildStats.WebUI.csproj", "{467E1AFD-8BB5-494B-8FDA-AF5A7F068CF1}"
EndProject
Project("{9A19103F-16F7-4668-BE54-9A1E7A4F7556}") = "JenkinsBuildStats.Infrastructure.Tests", "tests\JenkinsBuildStats.Infrastructure.Tests\JenkinsBuildStats.Infrastructure.Tests.csproj", "{ABFAAADA-CD11-41CB-9BA6-40FE321A03F9}"
EndProject
Project("{FAE04EC0-301F-11D3-BF4B-00C04F79EFBC}") = "JenkinsBuildStats.Application", "src\JenkinsBuildStats.Application\JenkinsBuildStats.Application.csproj", "{212E5DE6-EB73-4A71-8456-E337AB778BB1}"
EndProject
Project("{FAE04EC0-301F-11D3-BF4B-00C04F79EFBC}") = "JenkinsBuildStats.Application.Tests", "tests\JenkinsBuildStats.Application.Tests\JenkinsBuildStats.Application.Tests.csproj", "{99369D96-DB5F-4BA7-A7DE-8E60346C4510}"
EndProject
Project("{FAE04EC0-301F-11D3-BF4B-00C04F79EFBC}") = "JenkinsBuildStats.Infrastructure.IntegrationTests", "tests\JenkinsBuildStats.Infrastructure.IntegrationTests\JenkinsBuildStats.Infrastructure.IntegrationTests.csproj", "{B7D0FFD4-A0FE-4D50-9AF0-479343AAE504}"
EndProject
Global
	GlobalSection(SolutionConfigurationPlatforms) = preSolution
		Debug|Any CPU = Debug|Any CPU
		Release|Any CPU = Release|Any CPU
	EndGlobalSection
	GlobalSection(ProjectConfigurationPlatforms) = postSolution
		{A962A555-680F-45D1-82C5-454E60719582}.Debug|Any CPU.ActiveCfg = Debug|Any CPU
		{A962A555-680F-45D1-82C5-454E60719582}.Debug|Any CPU.Build.0 = Debug|Any CPU
		{A962A555-680F-45D1-82C5-454E60719582}.Release|Any CPU.ActiveCfg = Release|Any CPU
		{A962A555-680F-45D1-82C5-454E60719582}.Release|Any CPU.Build.0 = Release|Any CPU
		{57CABAAA-6EE2-4DDB-ADC8-DFEF8AFEB9BB}.Debug|Any CPU.ActiveCfg = Debug|Any CPU
		{57CABAAA-6EE2-4DDB-ADC8-DFEF8AFEB9BB}.Debug|Any CPU.Build.0 = Debug|Any CPU
		{57CABAAA-6EE2-4DDB-ADC8-DFEF8AFEB9BB}.Release|Any CPU.ActiveCfg = Release|Any CPU
		{57CABAAA-6EE2-4DDB-ADC8-DFEF8AFEB9BB}.Release|Any CPU.Build.0 = Release|Any CPU
		{3B9332D8-5BA1-462C-83A2-372D3BB150ED}.Debug|Any CPU.ActiveCfg = Debug|Any CPU
		{3B9332D8-5BA1-462C-83A2-372D3BB150ED}.Debug|Any CPU.Build.0 = Debug|Any CPU
		{3B9332D8-5BA1-462C-83A2-372D3BB150ED}.Release|Any CPU.ActiveCfg = Release|Any CPU
		{3B9332D8-5BA1-462C-83A2-372D3BB150ED}.Release|Any CPU.Build.0 = Release|Any CPU
		{705974EA-0C7D-4D88-B964-35523EFACE81}.Debug|Any CPU.ActiveCfg = Debug|Any CPU
		{705974EA-0C7D-4D88-B964-35523EFACE81}.Debug|Any CPU.Build.0 = Debug|Any CPU
		{705974EA-0C7D-4D88-B964-35523EFACE81}.Release|Any CPU.ActiveCfg = Release|Any CPU
		{705974EA-0C7D-4D88-B964-35523EFACE81}.Release|Any CPU.Build.0 = Release|Any CPU
		{467E1AFD-8BB5-494B-8FDA-AF5A7F068CF1}.Debug|Any CPU.ActiveCfg = Debug|Any CPU
		{467E1AFD-8BB5-494B-8FDA-AF5A7F068CF1}.Debug|Any CPU.Build.0 = Debug|Any CPU
		{467E1AFD-8BB5-494B-8FDA-AF5A7F068CF1}.Release|Any CPU.ActiveCfg = Release|Any CPU
		{467E1AFD-8BB5-494B-8FDA-AF5A7F068CF1}.Release|Any CPU.Build.0 = Release|Any CPU
		{ABFAAADA-CD11-41CB-9BA6-40FE321A03F9}.Debug|Any CPU.ActiveCfg = Debug|Any CPU
		{ABFAAADA-CD11-41CB-9BA6-40FE321A03F9}.Debug|Any CPU.Build.0 = Debug|Any CPU
		{ABFAAADA-CD11-41CB-9BA6-40FE321A03F9}.Release|Any CPU.ActiveCfg = Release|Any CPU
		{ABFAAADA-CD11-41CB-9BA6-40FE321A03F9}.Release|Any CPU.Build.0 = Release|Any CPU
		{212E5DE6-EB73-4A71-8456-E337AB778BB1}.Debug|Any CPU.ActiveCfg = Debug|Any CPU
		{212E5DE6-EB73-4A71-8456-E337AB778BB1}.Debug|Any CPU.Build.0 = Debug|Any CPU
		{212E5DE6-EB73-4A71-8456-E337AB778BB1}.Release|Any CPU.ActiveCfg = Release|Any CPU
		{212E5DE6-EB73-4A71-8456-E337AB778BB1}.Release|Any CPU.Build.0 = Release|Any CPU
		{99369D96-DB5F-4BA7-A7DE-8E60346C4510}.Debug|Any CPU.ActiveCfg = Debug|Any CPU
		{99369D96-DB5F-4BA7-A7DE-8E60346C4510}.Debug|Any CPU.Build.0 = Debug|Any CPU
		{99369D96-DB5F-4BA7-A7DE-8E60346C4510}.Release|Any CPU.ActiveCfg = Release|Any CPU
		{99369D96-DB5F-4BA7-A7DE-8E60346C4510}.Release|Any CPU.Build.0 = Release|Any CPU
		{B7D0FFD4-A0FE-4D50-9AF0-479343AAE504}.Debug|Any CPU.ActiveCfg = Debug|Any CPU
		{B7D0FFD4-A0FE-4D50-9AF0-479343AAE504}.Debug|Any CPU.Build.0 = Debug|Any CPU
		{B7D0FFD4-A0FE-4D50-9AF0-479343AAE504}.Release|Any CPU.ActiveCfg = Release|Any CPU
		{B7D0FFD4-A0FE-4D50-9AF0-479343AAE504}.Release|Any CPU.Build.0 = Release|Any CPU
	EndGlobalSection
	GlobalSection(SolutionProperties) = preSolution
		HideSolutionNode = FALSE
	EndGlobalSection
	GlobalSection(NestedProjects) = preSolution
		{A962A555-680F-45D1-82C5-454E60719582} = {67997F27-DDC8-4A33-BE9F-0DBBF276AE25}
		{57CABAAA-6EE2-4DDB-ADC8-DFEF8AFEB9BB} = {67997F27-DDC8-4A33-BE9F-0DBBF276AE25}
		{3B9332D8-5BA1-462C-83A2-372D3BB150ED} = {67997F27-DDC8-4A33-BE9F-0DBBF276AE25}
		{705974EA-0C7D-4D88-B964-35523EFACE81} = {67997F27-DDC8-4A33-BE9F-0DBBF276AE25}
		{467E1AFD-8BB5-494B-8FDA-AF5A7F068CF1} = {67997F27-DDC8-4A33-BE9F-0DBBF276AE25}
		{ABFAAADA-CD11-41CB-9BA6-40FE321A03F9} = {D12491A8-C367-4188-BF91-D65C1519729E}
		{212E5DE6-EB73-4A71-8456-E337AB778BB1} = {67997F27-DDC8-4A33-BE9F-0DBBF276AE25}
		{99369D96-DB5F-4BA7-A7DE-8E60346C4510} = {D12491A8-C367-4188-BF91-D65C1519729E}
		{B7D0FFD4-A0FE-4D50-9AF0-479343AAE504} = {D12491A8-C367-4188-BF91-D65C1519729E}
	EndGlobalSection
	GlobalSection(ExtensibilityGlobals) = postSolution
		SolutionGuid = {8A56DD58-7CD4-48EA-B163-45CE17214CAC}
	EndGlobalSection
EndGlobal
